<?xml version="1.0" encoding="utf-8"?>
<Project ToolsVersion="4.0" xmlns="http://schemas.microsoft.com/developer/msbuild/2003">
  <ItemGroup>
    <ClCompile Include="App.cpp" />
    <ClCompile Include="Camera.cpp" />
    <ClCompile Include="main.cpp" />
    <ClCompile Include="Car.cpp" />
    <ClCompile Include="Physics.cpp" />
    <ClCompile Include="Font.cpp" />
    <ClCompile Include="Glyph.cpp" />
    <ClCompile Include="WiiYourself\WiiLib.cpp">
      <Filter>WiiYourself</Filter>
    </ClCompile>
    <ClCompile Include="WiiYourself\wiimote.cpp">
      <Filter>WiiYourself</Filter>
    </ClCompile>
    <ClCompile Include="WiiYourself\WiiMoteWrapper.cpp">
      <Filter>WiiYourself</Filter>
    </ClCompile>
  </ItemGroup>
  <ItemGroup>
    <ClInclude Include="App.h" />
    <ClInclude Include="Camera.h" />
    <ClInclude Include="Car.h" />
    <ClInclude Include="Physics.h" />
    <ClInclude Include="Font.h" />
    <ClInclude Include="Glyph.h" />
    <ClInclude Include="WiiYourself\WiiMoteWrapper.h">
      <Filter>WiiYourself</Filter>
    </ClInclude>
    <ClInclude Include="WiiYourself\WiiLib.h">
      <Filter>WiiYourself</Filter>
    </ClInclude>
    <ClInclude Include="WiiYourself\wiimote.h">
      <Filter>WiiYourself</Filter>
    </ClInclude>
    <ClInclude Include="WiiYourself\wiimote_common.h">
      <Filter>WiiYourself</Filter>
    </ClInclude>
    <ClInclude Include="WiiYourself\wiimote_state.h">
      <Filter>WiiYourself</Filter>
    </ClInclude>
    <ClInclude Include="DebugFunctions.h" />
  </ItemGroup>
  <ItemGroup>
    <Filter Include="WiiYourself">
      <UniqueIdentifier>{655c9266-a2a6-4326-93b9-2b0c59eb8bdb}</UniqueIdentifier>
    </Filter>
  </ItemGroup>
</Project>